
Microsoft Visual Studio Solution File, Format Version 12.00
# Visual Studio Version 16
VisualStudioVersion = 16.0.32413.511
MinimumVisualStudioVersion = 10.0.40219.1
Project("{9A19103F-16F7-4668-BE54-9A1E7A4F7556}") = "WebApp", "WebApp\WebApp.csproj", "{4C92E19E-2584-4F45-A058-EF7BDFC3D84E}"
EndProject
Project("{9A19103F-16F7-4668-BE54-9A1E7A4F7556}") = "TestProject", "TestProject\TestProject.csproj", "{45F5F673-3AE8-46B3-9587-C1F4EFDA8546}"
EndProject
Global
	GlobalSection(SolutionConfigurationPlatforms) = preSolution
		Debug|Any CPU = Debug|Any CPU
		Release|Any CPU = Release|Any CPU
	EndGlobalSection
	GlobalSection(ProjectConfigurationPlatforms) = postSolution
		{4C92E19E-2584-4F45-A058-EF7BDFC3D84E}.Debug|Any CPU.ActiveCfg = Debug|Any CPU
		{4C92E19E-2584-4F45-A058-EF7BDFC3D84E}.Debug|Any CPU.Build.0 = Debug|Any CPU
		{4C92E19E-2584-4F45-A058-EF7BDFC3D84E}.Release|Any CPU.ActiveCfg = Release|Any CPU
		{4C92E19E-2584-4F45-A058-EF7BDFC3D84E}.Release|Any CPU.Build.0 = Release|Any CPU
		{45F5F673-3AE8-46B3-9587-C1F4EFDA8546}.Debug|Any CPU.ActiveCfg = Debug|Any CPU
		{45F5F673-3AE8-46B3-9587-C1F4EFDA8546}.Debug|Any CPU.Build.0 = Debug|Any CPU
		{45F5F673-3AE8-46B3-9587-C1F4EFDA8546}.Release|Any CPU.ActiveCfg = Release|Any CPU
		{45F5F673-3AE8-46B3-9587-C1F4EFDA8546}.Release|Any CPU.Build.0 = Release|Any CPU
	EndGlobalSection
	GlobalSection(SolutionProperties) = preSolution
		HideSolutionNode = FALSE
	EndGlobalSection
	GlobalSection(ExtensibilityGlobals) = postSolution
		SolutionGuid = {9DB877CA-6EFD-4DA3-BFA5-22405DFE327D}
	EndGlobalSection
EndGlobal
